
Microsoft Visual Studio Solution File, Format Version 12.00
# Visual Studio Version 17
VisualStudioVersion = 17.7.34009.444
MinimumVisualStudioVersion = 10.0.40219.1
Project("{9A19103F-16F7-4668-BE54-9A1E7A4F7556}") = "PaymentService", "PaymentService\PaymentService.csproj", "{4B2BF4A8-377E-4A98-8DC8-E00EA5393D4C}"
EndProject
Global
	GlobalSection(SolutionConfigurationPlatforms) = preSolution
		Debug|Any CPU = Debug|Any CPU
		Release|Any CPU = Release|Any CPU
	EndGlobalSection
	GlobalSection(ProjectConfigurationPlatforms) = postSolution
		{4B2BF4A8-377E-4A98-8DC8-E00EA5393D4C}.Debug|Any CPU.ActiveCfg = Debug|Any CPU
		{4B2BF4A8-377E-4A98-8DC8-E00EA5393D4C}.Debug|Any CPU.Build.0 = Debug|Any CPU
		{4B2BF4A8-377E-4A98-8DC8-E00EA5393D4C}.Release|Any CPU.ActiveCfg = Release|Any CPU
		{4B2BF4A8-377E-4A98-8DC8-E00EA5393D4C}.Release|Any CPU.Build.0 = Release|Any CPU
	EndGlobalSection
	GlobalSection(SolutionProperties) = preSolution
		HideSolutionNode = FALSE
	EndGlobalSection
	GlobalSection(ExtensibilityGlobals) = postSolution
		SolutionGuid = {AF34BAF9-AFA2-48CD-A7B5-7316214AA278}
	EndGlobalSection
EndGlobal
